
Microsoft Visual Studio Solution File, Format Version 12.00
# Visual Studio Version 17
VisualStudioVersion = 17.3.32505.426
MinimumVisualStudioVersion = 10.0.40219.1
Project("{2150E333-8FDC-42A3-9474-1A3956D46DE8}") = "src", "src", "{B9AC7A4B-1037-481B-A6CD-6A36DCD8DC9B}"
EndProject
Project("{2150E333-8FDC-42A3-9474-1A3956D46DE8}") = "test", "test", "{E3973804-118F-4241-BF25-F8655AB668C9}"
EndProject
Project("{2150E333-8FDC-42A3-9474-1A3956D46DE8}") = "samples", "samples", "{11320135-F644-4481-949A-F64AAA1D58B0}"
EndProject
Project("{2150E333-8FDC-42A3-9474-1A3956D46DE8}") = "MauiApp", "MauiApp", "{6C113DD8-8A7D-4AA5-8C4A-C18F31804D39}"
EndProject
Project("{2150E333-8FDC-42A3-9474-1A3956D46DE8}") = "Shared", "Shared", "{BB721243-0DAF-4040-8E12-E258B20CD008}"
EndProject
Project("{2150E333-8FDC-42A3-9474-1A3956D46DE8}") = "WebApi", "WebApi", "{DFB2F29A-5317-4D0B-8AC2-1F0B9349C358}"
EndProject
Project("{9A19103F-16F7-4668-BE54-9A1E7A4F7556}") = "ExEtc.Domain", "src\Shared\ExEtc.Domain\ExEtc.Domain.csproj", "{5CB92BD3-058C-47D8-85D6-7ACE1202E70C}"
EndProject
Project("{9A19103F-16F7-4668-BE54-9A1E7A4F7556}") = "ExEtc.Contracts", "src\Shared\ExEtc.Contracts\ExEtc.Contracts.csproj", "{F2B4DDBA-7F79-4208-AB33-649CC2CFB741}"
EndProject
Project("{2150E333-8FDC-42A3-9474-1A3956D46DE8}") = "Solution Items", "Solution Items", "{EF784AB3-53BA-4944-BEBB-86E99C5D31EF}"
	ProjectSection(SolutionItems) = preProject
		ExEtcNETSolutionDiagram.pdf = ExEtcNETSolutionDiagram.pdf
	EndProjectSection
EndProject
Project("{9A19103F-16F7-4668-BE54-9A1E7A4F7556}") = "ExEtc.WebApi", "src\WebApi\ExEtc.WebApi\ExEtc.WebApi.csproj", "{68D1C29E-4834-4075-8C8C-1C2CD1B436AB}"
EndProject
Project("{9A19103F-16F7-4668-BE54-9A1E7A4F7556}") = "ExEtc.Mobile", "src\MauiApp\ExEtc.Mobile\ExEtc.Mobile.csproj", "{1C71AE82-AB12-485F-882B-C71D6E61E2E9}"
EndProject
Global
	GlobalSection(SolutionConfigurationPlatforms) = preSolution
		Debug|Any CPU = Debug|Any CPU
		Release|Any CPU = Release|Any CPU
	EndGlobalSection
	GlobalSection(ProjectConfigurationPlatforms) = postSolution
		{5CB92BD3-058C-47D8-85D6-7ACE1202E70C}.Debug|Any CPU.ActiveCfg = Debug|Any CPU
		{5CB92BD3-058C-47D8-85D6-7ACE1202E70C}.Debug|Any CPU.Build.0 = Debug|Any CPU
		{5CB92BD3-058C-47D8-85D6-7ACE1202E70C}.Release|Any CPU.ActiveCfg = Release|Any CPU
		{5CB92BD3-058C-47D8-85D6-7ACE1202E70C}.Release|Any CPU.Build.0 = Release|Any CPU
		{F2B4DDBA-7F79-4208-AB33-649CC2CFB741}.Debug|Any CPU.ActiveCfg = Debug|Any CPU
		{F2B4DDBA-7F79-4208-AB33-649CC2CFB741}.Debug|Any CPU.Build.0 = Debug|Any CPU
		{F2B4DDBA-7F79-4208-AB33-649CC2CFB741}.Release|Any CPU.ActiveCfg = Release|Any CPU
		{F2B4DDBA-7F79-4208-AB33-649CC2CFB741}.Release|Any CPU.Build.0 = Release|Any CPU
		{68D1C29E-4834-4075-8C8C-1C2CD1B436AB}.Debug|Any CPU.ActiveCfg = Debug|Any CPU
		{68D1C29E-4834-4075-8C8C-1C2CD1B436AB}.Debug|Any CPU.Build.0 = Debug|Any CPU
		{68D1C29E-4834-4075-8C8C-1C2CD1B436AB}.Release|Any CPU.ActiveCfg = Release|Any CPU
		{68D1C29E-4834-4075-8C8C-1C2CD1B436AB}.Release|Any CPU.Build.0 = Release|Any CPU
		{1C71AE82-AB12-485F-882B-C71D6E61E2E9}.Debug|Any CPU.ActiveCfg = Debug|Any CPU
		{1C71AE82-AB12-485F-882B-C71D6E61E2E9}.Debug|Any CPU.Build.0 = Debug|Any CPU
		{1C71AE82-AB12-485F-882B-C71D6E61E2E9}.Debug|Any CPU.Deploy.0 = Debug|Any CPU
		{1C71AE82-AB12-485F-882B-C71D6E61E2E9}.Release|Any CPU.ActiveCfg = Release|Any CPU
		{1C71AE82-AB12-485F-882B-C71D6E61E2E9}.Release|Any CPU.Build.0 = Release|Any CPU
		{1C71AE82-AB12-485F-882B-C71D6E61E2E9}.Release|Any CPU.Deploy.0 = Release|Any CPU
	EndGlobalSection
	GlobalSection(SolutionProperties) = preSolution
		HideSolutionNode = FALSE
	EndGlobalSection
	GlobalSection(NestedProjects) = preSolution
		{6C113DD8-8A7D-4AA5-8C4A-C18F31804D39} = {B9AC7A4B-1037-481B-A6CD-6A36DCD8DC9B}
		{BB721243-0DAF-4040-8E12-E258B20CD008} = {B9AC7A4B-1037-481B-A6CD-6A36DCD8DC9B}
		{DFB2F29A-5317-4D0B-8AC2-1F0B9349C358} = {B9AC7A4B-1037-481B-A6CD-6A36DCD8DC9B}
		{5CB92BD3-058C-47D8-85D6-7ACE1202E70C} = {BB721243-0DAF-4040-8E12-E258B20CD008}
		{F2B4DDBA-7F79-4208-AB33-649CC2CFB741} = {BB721243-0DAF-4040-8E12-E258B20CD008}
		{68D1C29E-4834-4075-8C8C-1C2CD1B436AB} = {DFB2F29A-5317-4D0B-8AC2-1F0B9349C358}
		{1C71AE82-AB12-485F-882B-C71D6E61E2E9} = {6C113DD8-8A7D-4AA5-8C4A-C18F31804D39}
	EndGlobalSection
	GlobalSection(ExtensibilityGlobals) = postSolution
		SolutionGuid = {55C53145-BB14-4CD4-BAFA-DDA36F775148}
	EndGlobalSection
EndGlobal
